
Microsoft Visual Studio Solution File, Format Version 12.00
# Visual Studio 15
VisualStudioVersion = 15.0.27428.2002
MinimumVisualStudioVersion = 10.0.40219.1
Project("{FAE04EC0-301F-11D3-BF4B-00C04F79EFBC}") = "ApiVersions", "ApiVersions\ApiVersions.csproj", "{D47195FF-6A04-4533-A4B2-04618744D073}"
EndProject
Global
	GlobalSection(SolutionConfigurationPlatforms) = preSolution
		Debug|Any CPU = Debug|Any CPU
		Release|Any CPU = Release|Any CPU
	EndGlobalSection
	GlobalSection(ProjectConfigurationPlatforms) = postSolution
		{D47195FF-6A04-4533-A4B2-04618744D073}.Debug|Any CPU.ActiveCfg = Debug|Any CPU
		{D47195FF-6A04-4533-A4B2-04618744D073}.Debug|Any CPU.Build.0 = Debug|Any CPU
		{D47195FF-6A04-4533-A4B2-04618744D073}.Release|Any CPU.ActiveCfg = Release|Any CPU
		{D47195FF-6A04-4533-A4B2-04618744D073}.Release|Any CPU.Build.0 = Release|Any CPU
	EndGlobalSection
	GlobalSection(SolutionProperties) = preSolution
		HideSolutionNode = FALSE
	EndGlobalSection
	GlobalSection(ExtensibilityGlobals) = postSolution
		SolutionGuid = {0CF20C26-572D-4A43-A98E-946F0A9DDC0D}
	EndGlobalSection
EndGlobal
